
Microsoft Visual Studio Solution File, Format Version 12.00
# Visual Studio 15
VisualStudioVersion = 15.0.27130.2027
MinimumVisualStudioVersion = 10.0.40219.1
Project("{FAE04EC0-301F-11D3-BF4B-00C04F79EFBC}") = "PrimerProyectoTDB2", "PrimerProyectoTDB2\PrimerProyectoTDB2.csproj", "{1B92912F-AE0D-4870-A141-299B5B74033D}"
EndProject
Global
	GlobalSection(SolutionConfigurationPlatforms) = preSolution
		Debug|Any CPU = Debug|Any CPU
		Release|Any CPU = Release|Any CPU
	EndGlobalSection
	GlobalSection(ProjectConfigurationPlatforms) = postSolution
		{1B92912F-AE0D-4870-A141-299B5B74033D}.Debug|Any CPU.ActiveCfg = Debug|Any CPU
		{1B92912F-AE0D-4870-A141-299B5B74033D}.Debug|Any CPU.Build.0 = Debug|Any CPU
		{1B92912F-AE0D-4870-A141-299B5B74033D}.Release|Any CPU.ActiveCfg = Release|Any CPU
		{1B92912F-AE0D-4870-A141-299B5B74033D}.Release|Any CPU.Build.0 = Release|Any CPU
	EndGlobalSection
	GlobalSection(SolutionProperties) = preSolution
		HideSolutionNode = FALSE
	EndGlobalSection
	GlobalSection(ExtensibilityGlobals) = postSolution
		SolutionGuid = {E090337E-1866-41A6-8238-942E7A6BBE70}
	EndGlobalSection
EndGlobal
